# This file is autogenerated, do not edit; changes may be undone by the next 'dep ensure'.


[[projects]]
  digest = "1:49b6e81d3e7f087dbdab563e41199da98189a32342912e814e5a0f8ba6f6904b"
  name = "github.com/mychaelgo/docx"
  packages = ["."]
  pruneopts = "UT"
  revision = "8b966572c69ca53617a3731fff457c6181b6a703"
  version = "v1.0"

[solve-meta]
  analyzer-name = "dep"
  analyzer-version = 1
  input-imports = ["github.com/mychaelgo/docx"]
  solver-name = "gps-cdcl"
  solver-version = 1
